// !$*UTF8*$!
{
	archiveVersion = 1;
	classes = {
	};
	objectVersion = 56;
	objects = {

/* Begin PBXBuildFile section */
		514A16B72CA78AD800B6F94E /* SettingsView.swift in Sources */ = {isa = PBXBuildFile; fileRef = 514A16B62CA78AD800B6F94E /* SettingsView.swift */; };
		51792F912C900EEA004B6E71 /* kindlingApp.swift in Sources */ = {isa = PBXBuildFile; fileRef = 51792F902C900EEA004B6E71 /* kindlingApp.swift */; };
		51792F932C900EEA004B6E71 /* ContentView.swift in Sources */ = {isa = PBXBuildFile; fileRef = 51792F922C900EEA004B6E71 /* ContentView.swift */; };
		51792F972C900EEB004B6E71 /* Assets.xcassets in Resources */ = {isa = PBXBuildFile; fileRef = 51792F962C900EEB004B6E71 /* Assets.xcassets */; };
		51792F9B2C900EEB004B6E71 /* Preview Assets.xcassets in Resources */ = {isa = PBXBuildFile; fileRef = 51792F9A2C900EEB004B6E71 /* Preview Assets.xcassets */; };
		51792FA52C900EEB004B6E71 /* kindlingTests.swift in Sources */ = {isa = PBXBuildFile; fileRef = 51792FA42C900EEB004B6E71 /* kindlingTests.swift */; };
		51792FAF2C900EEB004B6E71 /* kindlingUITests.swift in Sources */ = {isa = PBXBuildFile; fileRef = 51792FAE2C900EEB004B6E71 /* kindlingUITests.swift */; };
		51792FB12C900EEB004B6E71 /* kindlingUITestsLaunchTests.swift in Sources */ = {isa = PBXBuildFile; fileRef = 51792FB02C900EEB004B6E71 /* kindlingUITestsLaunchTests.swift */; };
		51792FC12C91250F004B6E71 /* IRCConnection.swift in Sources */ = {isa = PBXBuildFile; fileRef = 51792FC02C91250F004B6E71 /* IRCConnection.swift */; };
		51792FC32C93CB90004B6E71 /* DCCFileTransfer.swift in Sources */ = {isa = PBXBuildFile; fileRef = 51792FC22C93CB90004B6E71 /* DCCFileTransfer.swift */; };
		51792FC52C93CF90004B6E71 /* EBookDownloader.swift in Sources */ = {isa = PBXBuildFile; fileRef = 51792FC42C93CF90004B6E71 /* EBookDownloader.swift */; };
		51792FCD2C962803004B6E71 /* main.swift in Sources */ = {isa = PBXBuildFile; fileRef = 51792FCC2C962803004B6E71 /* main.swift */; };
		51792FD12C96283F004B6E71 /* IRCConnection.swift in Sources */ = {isa = PBXBuildFile; fileRef = 51792FC02C91250F004B6E71 /* IRCConnection.swift */; };
		51792FD22C962844004B6E71 /* DCCFileTransfer.swift in Sources */ = {isa = PBXBuildFile; fileRef = 51792FC22C93CB90004B6E71 /* DCCFileTransfer.swift */; };
		51792FD32C962848004B6E71 /* EBookDownloader.swift in Sources */ = {isa = PBXBuildFile; fileRef = 51792FC42C93CF90004B6E71 /* EBookDownloader.swift */; };
		51929E1F2C9A531400D77429 /* ZIPFoundation in Frameworks */ = {isa = PBXBuildFile; productRef = 51929E1E2C9A531400D77429 /* ZIPFoundation */; };
		51929E212C9A532700D77429 /* ZIPFoundation in Frameworks */ = {isa = PBXBuildFile; productRef = 51929E202C9A532700D77429 /* ZIPFoundation */; };
		51929E232C9A5F3A00D77429 /* SearchResult.swift in Sources */ = {isa = PBXBuildFile; fileRef = 51929E222C9A5F3A00D77429 /* SearchResult.swift */; };
		51929E242C9A5F3A00D77429 /* SearchResult.swift in Sources */ = {isa = PBXBuildFile; fileRef = 51929E222C9A5F3A00D77429 /* SearchResult.swift */; };
		51929E262C9E511F00D77429 /* MainView.swift in Sources */ = {isa = PBXBuildFile; fileRef = 51929E252C9E511F00D77429 /* MainView.swift */; };
		51929E282C9FA70900D77429 /* SearchResultsView.swift in Sources */ = {isa = PBXBuildFile; fileRef = 51929E272C9FA70900D77429 /* SearchResultsView.swift */; };
		51929E2A2CA0072600D77429 /* MailComposerView.swift in Sources */ = {isa = PBXBuildFile; fileRef = 51929E292CA0072600D77429 /* MailComposerView.swift */; };
		51929E2C2CA007BC00D77429 /* MailView.swift in Sources */ = {isa = PBXBuildFile; fileRef = 51929E2B2CA007BC00D77429 /* MailView.swift */; };
/* End PBXBuildFile section */

/* Begin PBXContainerItemProxy section */
		51792FA12C900EEB004B6E71 /* PBXContainerItemProxy */ = {
			isa = PBXContainerItemProxy;
			containerPortal = 51792F852C900EEA004B6E71 /* Project object */;
			proxyType = 1;
			remoteGlobalIDString = 51792F8C2C900EEA004B6E71;
			remoteInfo = kindling;
		};
		51792FAB2C900EEB004B6E71 /* PBXContainerItemProxy */ = {
			isa = PBXContainerItemProxy;
			containerPortal = 51792F852C900EEA004B6E71 /* Project object */;
			proxyType = 1;
			remoteGlobalIDString = 51792F8C2C900EEA004B6E71;
			remoteInfo = kindling;
		};
/* End PBXContainerItemProxy section */

/* Begin PBXCopyFilesBuildPhase section */
		51792FC82C962803004B6E71 /* CopyFiles */ = {
			isa = PBXCopyFilesBuildPhase;
			buildActionMask = 2147483647;
			dstPath = /usr/share/man/man1/;
			dstSubfolderSpec = 0;
			files = (
			);
			runOnlyForDeploymentPostprocessing = 1;
		};
		51792FE82C962A77004B6E71 /* Embed Foundation Extensions */ = {
			isa = PBXCopyFilesBuildPhase;
			buildActionMask = 2147483647;
			dstPath = "";
			dstSubfolderSpec = 13;
			files = (
			);
			name = "Embed Foundation Extensions";
			runOnlyForDeploymentPostprocessing = 0;
		};
/* End PBXCopyFilesBuildPhase section */

/* Begin PBXFileReference section */
		514A16B62CA78AD800B6F94E /* SettingsView.swift */ = {isa = PBXFileReference; lastKnownFileType = sourcecode.swift; path = SettingsView.swift; sourceTree = "<group>"; };
		51792F8D2C900EEA004B6E71 /* kindling.app */ = {isa = PBXFileReference; explicitFileType = wrapper.application; includeInIndex = 0; path = kindling.app; sourceTree = BUILT_PRODUCTS_DIR; };
		51792F902C900EEA004B6E71 /* kindlingApp.swift */ = {isa = PBXFileReference; lastKnownFileType = sourcecode.swift; path = kindlingApp.swift; sourceTree = "<group>"; };
		51792F922C900EEA004B6E71 /* ContentView.swift */ = {isa = PBXFileReference; lastKnownFileType = sourcecode.swift; path = ContentView.swift; sourceTree = "<group>"; };
		51792F962C900EEB004B6E71 /* Assets.xcassets */ = {isa = PBXFileReference; lastKnownFileType = folder.assetcatalog; path = Assets.xcassets; sourceTree = "<group>"; };
		51792F982C900EEB004B6E71 /* kindling.entitlements */ = {isa = PBXFileReference; lastKnownFileType = text.plist.entitlements; path = kindling.entitlements; sourceTree = "<group>"; };
		51792F9A2C900EEB004B6E71 /* Preview Assets.xcassets */ = {isa = PBXFileReference; lastKnownFileType = folder.assetcatalog; path = "Preview Assets.xcassets"; sourceTree = "<group>"; };
		51792FA02C900EEB004B6E71 /* kindlingTests.xctest */ = {isa = PBXFileReference; explicitFileType = wrapper.cfbundle; includeInIndex = 0; path = kindlingTests.xctest; sourceTree = BUILT_PRODUCTS_DIR; };
		51792FA42C900EEB004B6E71 /* kindlingTests.swift */ = {isa = PBXFileReference; lastKnownFileType = sourcecode.swift; path = kindlingTests.swift; sourceTree = "<group>"; };
		51792FAA2C900EEB004B6E71 /* kindlingUITests.xctest */ = {isa = PBXFileReference; explicitFileType = wrapper.cfbundle; includeInIndex = 0; path = kindlingUITests.xctest; sourceTree = BUILT_PRODUCTS_DIR; };
		51792FAE2C900EEB004B6E71 /* kindlingUITests.swift */ = {isa = PBXFileReference; lastKnownFileType = sourcecode.swift; path = kindlingUITests.swift; sourceTree = "<group>"; };
		51792FB02C900EEB004B6E71 /* kindlingUITestsLaunchTests.swift */ = {isa = PBXFileReference; lastKnownFileType = sourcecode.swift; path = kindlingUITestsLaunchTests.swift; sourceTree = "<group>"; };
		51792FC02C91250F004B6E71 /* IRCConnection.swift */ = {isa = PBXFileReference; lastKnownFileType = sourcecode.swift; path = IRCConnection.swift; sourceTree = "<group>"; };
		51792FC22C93CB90004B6E71 /* DCCFileTransfer.swift */ = {isa = PBXFileReference; lastKnownFileType = sourcecode.swift; path = DCCFileTransfer.swift; sourceTree = "<group>"; };
		51792FC42C93CF90004B6E71 /* EBookDownloader.swift */ = {isa = PBXFileReference; lastKnownFileType = sourcecode.swift; path = EBookDownloader.swift; sourceTree = "<group>"; };
		51792FCA2C962803004B6E71 /* ircli */ = {isa = PBXFileReference; explicitFileType = "compiled.mach-o.executable"; includeInIndex = 0; path = ircli; sourceTree = BUILT_PRODUCTS_DIR; };
		51792FCC2C962803004B6E71 /* main.swift */ = {isa = PBXFileReference; lastKnownFileType = sourcecode.swift; path = main.swift; sourceTree = "<group>"; };
		51929E222C9A5F3A00D77429 /* SearchResult.swift */ = {isa = PBXFileReference; lastKnownFileType = sourcecode.swift; path = SearchResult.swift; sourceTree = "<group>"; };
		51929E252C9E511F00D77429 /* MainView.swift */ = {isa = PBXFileReference; lastKnownFileType = sourcecode.swift; path = MainView.swift; sourceTree = "<group>"; };
		51929E272C9FA70900D77429 /* SearchResultsView.swift */ = {isa = PBXFileReference; lastKnownFileType = sourcecode.swift; path = SearchResultsView.swift; sourceTree = "<group>"; };
		51929E292CA0072600D77429 /* MailComposerView.swift */ = {isa = PBXFileReference; lastKnownFileType = sourcecode.swift; path = MailComposerView.swift; sourceTree = "<group>"; };
		51929E2B2CA007BC00D77429 /* MailView.swift */ = {isa = PBXFileReference; lastKnownFileType = sourcecode.swift; path = MailView.swift; sourceTree = "<group>"; };
/* End PBXFileReference section */

/* Begin PBXFrameworksBuildPhase section */
		51792F8A2C900EEA004B6E71 /* Frameworks */ = {
			isa = PBXFrameworksBuildPhase;
			buildActionMask = 2147483647;
			files = (
				51929E1F2C9A531400D77429 /* ZIPFoundation in Frameworks */,
			);
			runOnlyForDeploymentPostprocessing = 0;
		};
		51792F9D2C900EEB004B6E71 /* Frameworks */ = {
			isa = PBXFrameworksBuildPhase;
			buildActionMask = 2147483647;
			files = (
			);
			runOnlyForDeploymentPostprocessing = 0;
		};
		51792FA72C900EEB004B6E71 /* Frameworks */ = {
			isa = PBXFrameworksBuildPhase;
			buildActionMask = 2147483647;
			files = (
			);
			runOnlyForDeploymentPostprocessing = 0;
		};
		51792FC72C962803004B6E71 /* Frameworks */ = {
			isa = PBXFrameworksBuildPhase;
			buildActionMask = 2147483647;
			files = (
				51929E212C9A532700D77429 /* ZIPFoundation in Frameworks */,
			);
			runOnlyForDeploymentPostprocessing = 0;
		};
/* End PBXFrameworksBuildPhase section */

/* Begin PBXGroup section */
		51792F842C900EEA004B6E71 = {
			isa = PBXGroup;
			children = (
				51792F8F2C900EEA004B6E71 /* kindling */,
				51792FA32C900EEB004B6E71 /* kindlingTests */,
				51792FAD2C900EEB004B6E71 /* kindlingUITests */,
				51792FCB2C962803004B6E71 /* ircli */,
				51792F8E2C900EEA004B6E71 /* Products */,
			);
			sourceTree = "<group>";
		};
		51792F8E2C900EEA004B6E71 /* Products */ = {
			isa = PBXGroup;
			children = (
				51792F8D2C900EEA004B6E71 /* kindling.app */,
				51792FA02C900EEB004B6E71 /* kindlingTests.xctest */,
				51792FAA2C900EEB004B6E71 /* kindlingUITests.xctest */,
				51792FCA2C962803004B6E71 /* ircli */,
			);
			name = Products;
			sourceTree = "<group>";
		};
		51792F8F2C900EEA004B6E71 /* kindling */ = {
			isa = PBXGroup;
			children = (
				51792F902C900EEA004B6E71 /* kindlingApp.swift */,
				51792F922C900EEA004B6E71 /* ContentView.swift */,
				51792FC02C91250F004B6E71 /* IRCConnection.swift */,
				51792FC22C93CB90004B6E71 /* DCCFileTransfer.swift */,
				51792FC42C93CF90004B6E71 /* EBookDownloader.swift */,
				51929E222C9A5F3A00D77429 /* SearchResult.swift */,
				51792F962C900EEB004B6E71 /* Assets.xcassets */,
				51792F982C900EEB004B6E71 /* kindling.entitlements */,
				51792F992C900EEB004B6E71 /* Preview Content */,
				51929E252C9E511F00D77429 /* MainView.swift */,
				514A16B62CA78AD800B6F94E /* SettingsView.swift */,
				51929E272C9FA70900D77429 /* SearchResultsView.swift */,
				51929E292CA0072600D77429 /* MailComposerView.swift */,
				51929E2B2CA007BC00D77429 /* MailView.swift */,
			);
			path = kindling;
			sourceTree = "<group>";
		};
		51792F992C900EEB004B6E71 /* Preview Content */ = {
			isa = PBXGroup;
			children = (
				51792F9A2C900EEB004B6E71 /* Preview Assets.xcassets */,
			);
			path = "Preview Content";
			sourceTree = "<group>";
		};
		51792FA32C900EEB004B6E71 /* kindlingTests */ = {
			isa = PBXGroup;
			children = (
				51792FA42C900EEB004B6E71 /* kindlingTests.swift */,
			);
			path = kindlingTests;
			sourceTree = "<group>";
		};
		51792FAD2C900EEB004B6E71 /* kindlingUITests */ = {
			isa = PBXGroup;
			children = (
				51792FAE2C900EEB004B6E71 /* kindlingUITests.swift */,
				51792FB02C900EEB004B6E71 /* kindlingUITestsLaunchTests.swift */,
			);
			path = kindlingUITests;
			sourceTree = "<group>";
		};
		51792FCB2C962803004B6E71 /* ircli */ = {
			isa = PBXGroup;
			children = (
				51792FCC2C962803004B6E71 /* main.swift */,
			);
			path = ircli;
			sourceTree = "<group>";
		};
/* End PBXGroup section */

/* Begin PBXNativeTarget section */
		51792F8C2C900EEA004B6E71 /* kindling */ = {
			isa = PBXNativeTarget;
			buildConfigurationList = 51792FB42C900EEB004B6E71 /* Build configuration list for PBXNativeTarget "kindling" */;
			buildPhases = (
				51792F892C900EEA004B6E71 /* Sources */,
				51792F8A2C900EEA004B6E71 /* Frameworks */,
				51792F8B2C900EEA004B6E71 /* Resources */,
				51792FE82C962A77004B6E71 /* Embed Foundation Extensions */,
			);
			buildRules = (
			);
			dependencies = (
			);
			name = kindling;
			packageProductDependencies = (
				51929E1E2C9A531400D77429 /* ZIPFoundation */,
			);
			productName = kindling;
			productReference = 51792F8D2C900EEA004B6E71 /* kindling.app */;
			productType = "com.apple.product-type.application";
		};
		51792F9F2C900EEB004B6E71 /* kindlingTests */ = {
			isa = PBXNativeTarget;
			buildConfigurationList = 51792FB72C900EEB004B6E71 /* Build configuration list for PBXNativeTarget "kindlingTests" */;
			buildPhases = (
				51792F9C2C900EEB004B6E71 /* Sources */,
				51792F9D2C900EEB004B6E71 /* Frameworks */,
				51792F9E2C900EEB004B6E71 /* Resources */,
			);
			buildRules = (
			);
			dependencies = (
				51792FA22C900EEB004B6E71 /* PBXTargetDependency */,
			);
			name = kindlingTests;
			productName = kindlingTests;
			productReference = 51792FA02C900EEB004B6E71 /* kindlingTests.xctest */;
			productType = "com.apple.product-type.bundle.unit-test";
		};
		51792FA92C900EEB004B6E71 /* kindlingUITests */ = {
			isa = PBXNativeTarget;
			buildConfigurationList = 51792FBA2C900EEB004B6E71 /* Build configuration list for PBXNativeTarget "kindlingUITests" */;
			buildPhases = (
				51792FA62C900EEB004B6E71 /* Sources */,
				51792FA72C900EEB004B6E71 /* Frameworks */,
				51792FA82C900EEB004B6E71 /* Resources */,
			);
			buildRules = (
			);
			dependencies = (
				51792FAC2C900EEB004B6E71 /* PBXTargetDependency */,
			);
			name = kindlingUITests;
			productName = kindlingUITests;
			productReference = 51792FAA2C900EEB004B6E71 /* kindlingUITests.xctest */;
			productType = "com.apple.product-type.bundle.ui-testing";
		};
		51792FC92C962803004B6E71 /* ircli */ = {
			isa = PBXNativeTarget;
			buildConfigurationList = 51792FCE2C962803004B6E71 /* Build configuration list for PBXNativeTarget "ircli" */;
			buildPhases = (
				51792FC62C962803004B6E71 /* Sources */,
				51792FC72C962803004B6E71 /* Frameworks */,
				51792FC82C962803004B6E71 /* CopyFiles */,
			);
			buildRules = (
			);
			dependencies = (
			);
			name = ircli;
			packageProductDependencies = (
				51929E202C9A532700D77429 /* ZIPFoundation */,
			);
			productName = ircli;
			productReference = 51792FCA2C962803004B6E71 /* ircli */;
			productType = "com.apple.product-type.tool";
		};
/* End PBXNativeTarget section */

/* Begin PBXProject section */
		51792F852C900EEA004B6E71 /* Project object */ = {
			isa = PBXProject;
			attributes = {
				BuildIndependentTargetsInParallel = 1;
				LastSwiftUpdateCheck = 1540;
				LastUpgradeCheck = 1540;
				TargetAttributes = {
					51792F8C2C900EEA004B6E71 = {
						CreatedOnToolsVersion = 15.4;
					};
					51792F9F2C900EEB004B6E71 = {
						CreatedOnToolsVersion = 15.4;
						TestTargetID = 51792F8C2C900EEA004B6E71;
					};
					51792FA92C900EEB004B6E71 = {
						CreatedOnToolsVersion = 15.4;
						TestTargetID = 51792F8C2C900EEA004B6E71;
					};
					51792FC92C962803004B6E71 = {
						CreatedOnToolsVersion = 15.4;
					};
				};
			};
			buildConfigurationList = 51792F882C900EEA004B6E71 /* Build configuration list for PBXProject "kindling" */;
			compatibilityVersion = "Xcode 14.0";
			developmentRegion = en;
			hasScannedForEncodings = 0;
			knownRegions = (
				en,
				Base,
			);
			mainGroup = 51792F842C900EEA004B6E71;
			packageReferences = (
				51792FBE2C902162004B6E71 /* XCRemoteSwiftPackageReference "swift-format" */,
				51929E1D2C9A531400D77429 /* XCRemoteSwiftPackageReference "ZIPFoundation" */,
			);
			productRefGroup = 51792F8E2C900EEA004B6E71 /* Products */;
			projectDirPath = "";
			projectRoot = "";
			targets = (
				51792F8C2C900EEA004B6E71 /* kindling */,
				51792F9F2C900EEB004B6E71 /* kindlingTests */,
				51792FA92C900EEB004B6E71 /* kindlingUITests */,
				51792FC92C962803004B6E71 /* ircli */,
			);
		};
/* End PBXProject section */

/* Begin PBXResourcesBuildPhase section */
		51792F8B2C900EEA004B6E71 /* Resources */ = {
			isa = PBXResourcesBuildPhase;
			buildActionMask = 2147483647;
			files = (
				51792F9B2C900EEB004B6E71 /* Preview Assets.xcassets in Resources */,
				51792F972C900EEB004B6E71 /* Assets.xcassets in Resources */,
			);
			runOnlyForDeploymentPostprocessing = 0;
		};
		51792F9E2C900EEB004B6E71 /* Resources */ = {
			isa = PBXResourcesBuildPhase;
			buildActionMask = 2147483647;
			files = (
			);
			runOnlyForDeploymentPostprocessing = 0;
		};
		51792FA82C900EEB004B6E71 /* Resources */ = {
			isa = PBXResourcesBuildPhase;
			buildActionMask = 2147483647;
			files = (
			);
			runOnlyForDeploymentPostprocessing = 0;
		};
/* End PBXResourcesBuildPhase section */

/* Begin PBXSourcesBuildPhase section */
		51792F892C900EEA004B6E71 /* Sources */ = {
			isa = PBXSourcesBuildPhase;
			buildActionMask = 2147483647;
			files = (
				51792F932C900EEA004B6E71 /* ContentView.swift in Sources */,
				51929E262C9E511F00D77429 /* MainView.swift in Sources */,
				51792FC52C93CF90004B6E71 /* EBookDownloader.swift in Sources */,
				51792FC32C93CB90004B6E71 /* DCCFileTransfer.swift in Sources */,
				51792FC12C91250F004B6E71 /* IRCConnection.swift in Sources */,
				51929E282C9FA70900D77429 /* SearchResultsView.swift in Sources */,
				51929E232C9A5F3A00D77429 /* SearchResult.swift in Sources */,
				51929E2A2CA0072600D77429 /* MailComposerView.swift in Sources */,
				51792F912C900EEA004B6E71 /* kindlingApp.swift in Sources */,
				51929E2C2CA007BC00D77429 /* MailView.swift in Sources */,
				514A16B72CA78AD800B6F94E /* SettingsView.swift in Sources */,
			);
			runOnlyForDeploymentPostprocessing = 0;
		};
		51792F9C2C900EEB004B6E71 /* Sources */ = {
			isa = PBXSourcesBuildPhase;
			buildActionMask = 2147483647;
			files = (
				51792FA52C900EEB004B6E71 /* kindlingTests.swift in Sources */,
			);
			runOnlyForDeploymentPostprocessing = 0;
		};
		51792FA62C900EEB004B6E71 /* Sources */ = {
			isa = PBXSourcesBuildPhase;
			buildActionMask = 2147483647;
			files = (
				51792FB12C900EEB004B6E71 /* kindlingUITestsLaunchTests.swift in Sources */,
				51792FAF2C900EEB004B6E71 /* kindlingUITests.swift in Sources */,
			);
			runOnlyForDeploymentPostprocessing = 0;
		};
		51792FC62C962803004B6E71 /* Sources */ = {
			isa = PBXSourcesBuildPhase;
			buildActionMask = 2147483647;
			files = (
				51792FD12C96283F004B6E71 /* IRCConnection.swift in Sources */,
				51792FCD2C962803004B6E71 /* main.swift in Sources */,
				51929E242C9A5F3A00D77429 /* SearchResult.swift in Sources */,
				51792FD22C962844004B6E71 /* DCCFileTransfer.swift in Sources */,
				51792FD32C962848004B6E71 /* EBookDownloader.swift in Sources */,
			);
			runOnlyForDeploymentPostprocessing = 0;
		};
/* End PBXSourcesBuildPhase section */

/* Begin PBXTargetDependency section */
		51792FA22C900EEB004B6E71 /* PBXTargetDependency */ = {
			isa = PBXTargetDependency;
			target = 51792F8C2C900EEA004B6E71 /* kindling */;
			targetProxy = 51792FA12C900EEB004B6E71 /* PBXContainerItemProxy */;
		};
		51792FAC2C900EEB004B6E71 /* PBXTargetDependency */ = {
			isa = PBXTargetDependency;
			target = 51792F8C2C900EEA004B6E71 /* kindling */;
			targetProxy = 51792FAB2C900EEB004B6E71 /* PBXContainerItemProxy */;
		};
/* End PBXTargetDependency section */

/* Begin XCBuildConfiguration section */
		51792FB22C900EEB004B6E71 /* Debug */ = {
			isa = XCBuildConfiguration;
			buildSettings = {
				ALWAYS_SEARCH_USER_PATHS = NO;
				ASSETCATALOG_COMPILER_GENERATE_SWIFT_ASSET_SYMBOL_EXTENSIONS = YES;
				CLANG_ANALYZER_NONNULL = YES;
				CLANG_ANALYZER_NUMBER_OBJECT_CONVERSION = YES_AGGRESSIVE;
				CLANG_CXX_LANGUAGE_STANDARD = "gnu++20";
				CLANG_ENABLE_MODULES = YES;
				CLANG_ENABLE_OBJC_ARC = YES;
				CLANG_ENABLE_OBJC_WEAK = YES;
				CLANG_WARN_BLOCK_CAPTURE_AUTORELEASING = YES;
				CLANG_WARN_BOOL_CONVERSION = YES;
				CLANG_WARN_COMMA = YES;
				CLANG_WARN_CONSTANT_CONVERSION = YES;
				CLANG_WARN_DEPRECATED_OBJC_IMPLEMENTATIONS = YES;
				CLANG_WARN_DIRECT_OBJC_ISA_USAGE = YES_ERROR;
				CLANG_WARN_DOCUMENTATION_COMMENTS = YES;
				CLANG_WARN_EMPTY_BODY = YES;
				CLANG_WARN_ENUM_CONVERSION = YES;
				CLANG_WARN_INFINITE_RECURSION = YES;
				CLANG_WARN_INT_CONVERSION = YES;
				CLANG_WARN_NON_LITERAL_NULL_CONVERSION = YES;
				CLANG_WARN_OBJC_IMPLICIT_RETAIN_SELF = YES;
				CLANG_WARN_OBJC_LITERAL_CONVERSION = YES;
				CLANG_WARN_OBJC_ROOT_CLASS = YES_ERROR;
				CLANG_WARN_QUOTED_INCLUDE_IN_FRAMEWORK_HEADER = YES;
				CLANG_WARN_RANGE_LOOP_ANALYSIS = YES;
				CLANG_WARN_STRICT_PROTOTYPES = YES;
				CLANG_WARN_SUSPICIOUS_MOVE = YES;
				CLANG_WARN_UNGUARDED_AVAILABILITY = YES_AGGRESSIVE;
				CLANG_WARN_UNREACHABLE_CODE = YES;
				CLANG_WARN__DUPLICATE_METHOD_MATCH = YES;
				COPY_PHASE_STRIP = NO;
				DEBUG_INFORMATION_FORMAT = dwarf;
				ENABLE_STRICT_OBJC_MSGSEND = YES;
				ENABLE_TESTABILITY = YES;
				ENABLE_USER_SCRIPT_SANDBOXING = YES;
				GCC_C_LANGUAGE_STANDARD = gnu17;
				GCC_DYNAMIC_NO_PIC = NO;
				GCC_NO_COMMON_BLOCKS = YES;
				GCC_OPTIMIZATION_LEVEL = 0;
				GCC_PREPROCESSOR_DEFINITIONS = (
					"DEBUG=1",
					"$(inherited)",
				);
				GCC_WARN_64_TO_32_BIT_CONVERSION = YES;
				GCC_WARN_ABOUT_RETURN_TYPE = YES_ERROR;
				GCC_WARN_UNDECLARED_SELECTOR = YES;
				GCC_WARN_UNINITIALIZED_AUTOS = YES_AGGRESSIVE;
				GCC_WARN_UNUSED_FUNCTION = YES;
				GCC_WARN_UNUSED_VARIABLE = YES;
				LOCALIZATION_PREFERS_STRING_CATALOGS = YES;
				MTL_ENABLE_DEBUG_INFO = INCLUDE_SOURCE;
				MTL_FAST_MATH = YES;
				ONLY_ACTIVE_ARCH = YES;
				SWIFT_ACTIVE_COMPILATION_CONDITIONS = "DEBUG $(inherited)";
				SWIFT_OPTIMIZATION_LEVEL = "-Onone";
			};
			name = Debug;
		};
		51792FB32C900EEB004B6E71 /* Release */ = {
			isa = XCBuildConfiguration;
			buildSettings = {
				ALWAYS_SEARCH_USER_PATHS = NO;
				ASSETCATALOG_COMPILER_GENERATE_SWIFT_ASSET_SYMBOL_EXTENSIONS = YES;
				CLANG_ANALYZER_NONNULL = YES;
				CLANG_ANALYZER_NUMBER_OBJECT_CONVERSION = YES_AGGRESSIVE;
				CLANG_CXX_LANGUAGE_STANDARD = "gnu++20";
				CLANG_ENABLE_MODULES = YES;
				CLANG_ENABLE_OBJC_ARC = YES;
				CLANG_ENABLE_OBJC_WEAK = YES;
				CLANG_WARN_BLOCK_CAPTURE_AUTORELEASING = YES;
				CLANG_WARN_BOOL_CONVERSION = YES;
				CLANG_WARN_COMMA = YES;
				CLANG_WARN_CONSTANT_CONVERSION = YES;
				CLANG_WARN_DEPRECATED_OBJC_IMPLEMENTATIONS = YES;
				CLANG_WARN_DIRECT_OBJC_ISA_USAGE = YES_ERROR;
				CLANG_WARN_DOCUMENTATION_COMMENTS = YES;
				CLANG_WARN_EMPTY_BODY = YES;
				CLANG_WARN_ENUM_CONVERSION = YES;
				CLANG_WARN_INFINITE_RECURSION = YES;
				CLANG_WARN_INT_CONVERSION = YES;
				CLANG_WARN_NON_LITERAL_NULL_CONVERSION = YES;
				CLANG_WARN_OBJC_IMPLICIT_RETAIN_SELF = YES;
				CLANG_WARN_OBJC_LITERAL_CONVERSION = YES;
				CLANG_WARN_OBJC_ROOT_CLASS = YES_ERROR;
				CLANG_WARN_QUOTED_INCLUDE_IN_FRAMEWORK_HEADER = YES;
				CLANG_WARN_RANGE_LOOP_ANALYSIS = YES;
				CLANG_WARN_STRICT_PROTOTYPES = YES;
				CLANG_WARN_SUSPICIOUS_MOVE = YES;
				CLANG_WARN_UNGUARDED_AVAILABILITY = YES_AGGRESSIVE;
				CLANG_WARN_UNREACHABLE_CODE = YES;
				CLANG_WARN__DUPLICATE_METHOD_MATCH = YES;
				COPY_PHASE_STRIP = NO;
				DEBUG_INFORMATION_FORMAT = "dwarf-with-dsym";
				ENABLE_NS_ASSERTIONS = NO;
				ENABLE_STRICT_OBJC_MSGSEND = YES;
				ENABLE_USER_SCRIPT_SANDBOXING = YES;
				GCC_C_LANGUAGE_STANDARD = gnu17;
				GCC_NO_COMMON_BLOCKS = YES;
				GCC_WARN_64_TO_32_BIT_CONVERSION = YES;
				GCC_WARN_ABOUT_RETURN_TYPE = YES_ERROR;
				GCC_WARN_UNDECLARED_SELECTOR = YES;
				GCC_WARN_UNINITIALIZED_AUTOS = YES_AGGRESSIVE;
				GCC_WARN_UNUSED_FUNCTION = YES;
				GCC_WARN_UNUSED_VARIABLE = YES;
				LOCALIZATION_PREFERS_STRING_CATALOGS = YES;
				MTL_ENABLE_DEBUG_INFO = NO;
				MTL_FAST_MATH = YES;
				SWIFT_COMPILATION_MODE = wholemodule;
			};
			name = Release;
		};
		51792FB52C900EEB004B6E71 /* Debug */ = {
			isa = XCBuildConfiguration;
			buildSettings = {
				ASSETCATALOG_COMPILER_APPICON_NAME = AppIcon;
				ASSETCATALOG_COMPILER_GLOBAL_ACCENT_COLOR_NAME = AccentColor;
				CODE_SIGN_ENTITLEMENTS = kindling/kindling.entitlements;
				CODE_SIGN_STYLE = Automatic;
				CURRENT_PROJECT_VERSION = 1;
				DEVELOPMENT_ASSET_PATHS = "\"kindling/Preview Content\"";
				DEVELOPMENT_TEAM = AFD89X85F4;
				ENABLE_HARDENED_RUNTIME = YES;
				ENABLE_PREVIEWS = YES;
				ENABLE_USER_SCRIPT_SANDBOXING = NO;
				GENERATE_INFOPLIST_FILE = YES;
				"INFOPLIST_KEY_UIApplicationSceneManifest_Generation[sdk=iphoneos*]" = YES;
				"INFOPLIST_KEY_UIApplicationSceneManifest_Generation[sdk=iphonesimulator*]" = YES;
				"INFOPLIST_KEY_UIApplicationSupportsIndirectInputEvents[sdk=iphoneos*]" = YES;
				"INFOPLIST_KEY_UIApplicationSupportsIndirectInputEvents[sdk=iphonesimulator*]" = YES;
				"INFOPLIST_KEY_UILaunchScreen_Generation[sdk=iphoneos*]" = YES;
				"INFOPLIST_KEY_UILaunchScreen_Generation[sdk=iphonesimulator*]" = YES;
				"INFOPLIST_KEY_UIStatusBarStyle[sdk=iphoneos*]" = UIStatusBarStyleDefault;
				"INFOPLIST_KEY_UIStatusBarStyle[sdk=iphonesimulator*]" = UIStatusBarStyleDefault;
				INFOPLIST_KEY_UISupportedInterfaceOrientations_iPad = "UIInterfaceOrientationPortrait UIInterfaceOrientationPortraitUpsideDown UIInterfaceOrientationLandscapeLeft UIInterfaceOrientationLandscapeRight";
				INFOPLIST_KEY_UISupportedInterfaceOrientations_iPhone = "UIInterfaceOrientationPortrait UIInterfaceOrientationLandscapeLeft UIInterfaceOrientationLandscapeRight";
				IPHONEOS_DEPLOYMENT_TARGET = 17.5;
				LD_RUNPATH_SEARCH_PATHS = "@executable_path/Frameworks";
				"LD_RUNPATH_SEARCH_PATHS[sdk=macosx*]" = "@executable_path/../Frameworks";
				MACOSX_DEPLOYMENT_TARGET = 14.0;
				MARKETING_VERSION = 1.0;
				PRODUCT_BUNDLE_IDENTIFIER = com.bebopbeluga.kindling;
				PRODUCT_NAME = "$(TARGET_NAME)";
				SDKROOT = auto;
				SUPPORTED_PLATFORMS = "iphoneos iphonesimulator macosx";
				SWIFT_EMIT_LOC_STRINGS = YES;
				SWIFT_VERSION = 5.0;
				TARGETED_DEVICE_FAMILY = "1,2";
			};
			name = Debug;
		};
		51792FB62C900EEB004B6E71 /* Release */ = {
			isa = XCBuildConfiguration;
			buildSettings = {
				ASSETCATALOG_COMPILER_APPICON_NAME = AppIcon;
				ASSETCATALOG_COMPILER_GLOBAL_ACCENT_COLOR_NAME = AccentColor;
				CODE_SIGN_ENTITLEMENTS = kindling/kindling.entitlements;
				CODE_SIGN_STYLE = Automatic;
				CURRENT_PROJECT_VERSION = 1;
				DEVELOPMENT_ASSET_PATHS = "\"kindling/Preview Content\"";
				DEVELOPMENT_TEAM = AFD89X85F4;
				ENABLE_HARDENED_RUNTIME = YES;
				ENABLE_PREVIEWS = YES;
				ENABLE_USER_SCRIPT_SANDBOXING = NO;
				GENERATE_INFOPLIST_FILE = YES;
				"INFOPLIST_KEY_UIApplicationSceneManifest_Generation[sdk=iphoneos*]" = YES;
				"INFOPLIST_KEY_UIApplicationSceneManifest_Generation[sdk=iphonesimulator*]" = YES;
				"INFOPLIST_KEY_UIApplicationSupportsIndirectInputEvents[sdk=iphoneos*]" = YES;
				"INFOPLIST_KEY_UIApplicationSupportsIndirectInputEvents[sdk=iphonesimulator*]" = YES;
				"INFOPLIST_KEY_UILaunchScreen_Generation[sdk=iphoneos*]" = YES;
				"INFOPLIST_KEY_UILaunchScreen_Generation[sdk=iphonesimulator*]" = YES;
				"INFOPLIST_KEY_UIStatusBarStyle[sdk=iphoneos*]" = UIStatusBarStyleDefault;
				"INFOPLIST_KEY_UIStatusBarStyle[sdk=iphonesimulator*]" = UIStatusBarStyleDefault;
				INFOPLIST_KEY_UISupportedInterfaceOrientations_iPad = "UIInterfaceOrientationPortrait UIInterfaceOrientationPortraitUpsideDown UIInterfaceOrientationLandscapeLeft UIInterfaceOrientationLandscapeRight";
				INFOPLIST_KEY_UISupportedInterfaceOrientations_iPhone = "UIInterfaceOrientationPortrait UIInterfaceOrientationLandscapeLeft UIInterfaceOrientationLandscapeRight";
				IPHONEOS_DEPLOYMENT_TARGET = 17.5;
				LD_RUNPATH_SEARCH_PATHS = "@executable_path/Frameworks";
				"LD_RUNPATH_SEARCH_PATHS[sdk=macosx*]" = "@executable_path/../Frameworks";
				MACOSX_DEPLOYMENT_TARGET = 14.0;
				MARKETING_VERSION = 1.0;
				PRODUCT_BUNDLE_IDENTIFIER = com.bebopbeluga.kindling;
				PRODUCT_NAME = "$(TARGET_NAME)";
				SDKROOT = auto;
				SUPPORTED_PLATFORMS = "iphoneos iphonesimulator macosx";
				SWIFT_EMIT_LOC_STRINGS = YES;
				SWIFT_VERSION = 5.0;
				TARGETED_DEVICE_FAMILY = "1,2";
			};
			name = Release;
		};
		51792FB82C900EEB004B6E71 /* Debug */ = {
			isa = XCBuildConfiguration;
			buildSettings = {
				ALWAYS_EMBED_SWIFT_STANDARD_LIBRARIES = YES;
				BUNDLE_LOADER = "$(TEST_HOST)";
				CODE_SIGN_STYLE = Automatic;
				CURRENT_PROJECT_VERSION = 1;
				DEVELOPMENT_TEAM = AFD89X85F4;
				GENERATE_INFOPLIST_FILE = YES;
				IPHONEOS_DEPLOYMENT_TARGET = 17.5;
				MACOSX_DEPLOYMENT_TARGET = 14.4;
				MARKETING_VERSION = 1.0;
				PRODUCT_BUNDLE_IDENTIFIER = com.bebopbeluga.kindlingTests;
				PRODUCT_NAME = "$(TARGET_NAME)";
				SDKROOT = auto;
				SUPPORTED_PLATFORMS = "iphoneos iphonesimulator macosx";
				SWIFT_EMIT_LOC_STRINGS = NO;
				SWIFT_VERSION = 5.0;
				TARGETED_DEVICE_FAMILY = "1,2";
				TEST_HOST = "$(BUILT_PRODUCTS_DIR)/kindling.app/$(BUNDLE_EXECUTABLE_FOLDER_PATH)/kindling";
			};
			name = Debug;
		};
		51792FB92C900EEB004B6E71 /* Release */ = {
			isa = XCBuildConfiguration;
			buildSettings = {
				ALWAYS_EMBED_SWIFT_STANDARD_LIBRARIES = YES;
				BUNDLE_LOADER = "$(TEST_HOST)";
				CODE_SIGN_STYLE = Automatic;
				CURRENT_PROJECT_VERSION = 1;
				DEVELOPMENT_TEAM = AFD89X85F4;
				GENERATE_INFOPLIST_FILE = YES;
				IPHONEOS_DEPLOYMENT_TARGET = 17.5;
				MACOSX_DEPLOYMENT_TARGET = 14.4;
				MARKETING_VERSION = 1.0;
				PRODUCT_BUNDLE_IDENTIFIER = com.bebopbeluga.kindlingTests;
				PRODUCT_NAME = "$(TARGET_NAME)";
				SDKROOT = auto;
				SUPPORTED_PLATFORMS = "iphoneos iphonesimulator macosx";
				SWIFT_EMIT_LOC_STRINGS = NO;
				SWIFT_VERSION = 5.0;
				TARGETED_DEVICE_FAMILY = "1,2";
				TEST_HOST = "$(BUILT_PRODUCTS_DIR)/kindling.app/$(BUNDLE_EXECUTABLE_FOLDER_PATH)/kindling";
			};
			name = Release;
		};
		51792FBB2C900EEB004B6E71 /* Debug */ = {
			isa = XCBuildConfiguration;
			buildSettings = {
				ALWAYS_EMBED_SWIFT_STANDARD_LIBRARIES = YES;
				CODE_SIGN_STYLE = Automatic;
				CURRENT_PROJECT_VERSION = 1;
				DEVELOPMENT_TEAM = AFD89X85F4;
				GENERATE_INFOPLIST_FILE = YES;
				IPHONEOS_DEPLOYMENT_TARGET = 17.5;
				MACOSX_DEPLOYMENT_TARGET = 14.4;
				MARKETING_VERSION = 1.0;
				PRODUCT_BUNDLE_IDENTIFIER = com.bebopbeluga.kindlingUITests;
				PRODUCT_NAME = "$(TARGET_NAME)";
				SDKROOT = auto;
				SUPPORTED_PLATFORMS = "iphoneos iphonesimulator macosx";
				SWIFT_EMIT_LOC_STRINGS = NO;
				SWIFT_VERSION = 5.0;
				TARGETED_DEVICE_FAMILY = "1,2";
				TEST_TARGET_NAME = kindling;
			};
			name = Debug;
		};
		51792FBC2C900EEB004B6E71 /* Release */ = {
			isa = XCBuildConfiguration;
			buildSettings = {
				ALWAYS_EMBED_SWIFT_STANDARD_LIBRARIES = YES;
				CODE_SIGN_STYLE = Automatic;
				CURRENT_PROJECT_VERSION = 1;
				DEVELOPMENT_TEAM = AFD89X85F4;
				GENERATE_INFOPLIST_FILE = YES;
				IPHONEOS_DEPLOYMENT_TARGET = 17.5;
				MACOSX_DEPLOYMENT_TARGET = 14.4;
				MARKETING_VERSION = 1.0;
				PRODUCT_BUNDLE_IDENTIFIER = com.bebopbeluga.kindlingUITests;
				PRODUCT_NAME = "$(TARGET_NAME)";
				SDKROOT = auto;
				SUPPORTED_PLATFORMS = "iphoneos iphonesimulator macosx";
				SWIFT_EMIT_LOC_STRINGS = NO;
				SWIFT_VERSION = 5.0;
				TARGETED_DEVICE_FAMILY = "1,2";
				TEST_TARGET_NAME = kindling;
			};
			name = Release;
		};
		51792FCF2C962803004B6E71 /* Debug */ = {
			isa = XCBuildConfiguration;
			buildSettings = {
				CODE_SIGN_STYLE = Automatic;
				DEVELOPMENT_TEAM = AFD89X85F4;
				ENABLE_HARDENED_RUNTIME = YES;
				MACOSX_DEPLOYMENT_TARGET = 14.4;
				PRODUCT_NAME = "$(TARGET_NAME)";
				SDKROOT = macosx;
				SWIFT_VERSION = 5.0;
			};
			name = Debug;
		};
		51792FD02C962803004B6E71 /* Release */ = {
			isa = XCBuildConfiguration;
			buildSettings = {
				CODE_SIGN_STYLE = Automatic;
				DEVELOPMENT_TEAM = AFD89X85F4;
				ENABLE_HARDENED_RUNTIME = YES;
				MACOSX_DEPLOYMENT_TARGET = 14.4;
				PRODUCT_NAME = "$(TARGET_NAME)";
				SDKROOT = macosx;
				SWIFT_VERSION = 5.0;
			};
			name = Release;
		};
/* End XCBuildConfiguration section */

/* Begin XCConfigurationList section */
		51792F882C900EEA004B6E71 /* Build configuration list for PBXProject "kindling" */ = {
			isa = XCConfigurationList;
			buildConfigurations = (
				51792FB22C900EEB004B6E71 /* Debug */,
				51792FB32C900EEB004B6E71 /* Release */,
			);
			defaultConfigurationIsVisible = 0;
			defaultConfigurationName = Release;
		};
		51792FB42C900EEB004B6E71 /* Build configuration list for PBXNativeTarget "kindling" */ = {
			isa = XCConfigurationList;
			buildConfigurations = (
				51792FB52C900EEB004B6E71 /* Debug */,
				51792FB62C900EEB004B6E71 /* Release */,
			);
			defaultConfigurationIsVisible = 0;
			defaultConfigurationName = Release;
		};
		51792FB72C900EEB004B6E71 /* Build configuration list for PBXNativeTarget "kindlingTests" */ = {
			isa = XCConfigurationList;
			buildConfigurations = (
				51792FB82C900EEB004B6E71 /* Debug */,
				51792FB92C900EEB004B6E71 /* Release */,
			);
			defaultConfigurationIsVisible = 0;
			defaultConfigurationName = Release;
		};
		51792FBA2C900EEB004B6E71 /* Build configuration list for PBXNativeTarget "kindlingUITests" */ = {
			isa = XCConfigurationList;
			buildConfigurations = (
				51792FBB2C900EEB004B6E71 /* Debug */,
				51792FBC2C900EEB004B6E71 /* Release */,
			);
			defaultConfigurationIsVisible = 0;
			defaultConfigurationName = Release;
		};
		51792FCE2C962803004B6E71 /* Build configuration list for PBXNativeTarget "ircli" */ = {
			isa = XCConfigurationList;
			buildConfigurations = (
				51792FCF2C962803004B6E71 /* Debug */,
				51792FD02C962803004B6E71 /* Release */,
			);
			defaultConfigurationIsVisible = 0;
			defaultConfigurationName = Release;
		};
/* End XCConfigurationList section */

/* Begin XCRemoteSwiftPackageReference section */
		51792FBE2C902162004B6E71 /* XCRemoteSwiftPackageReference "swift-format" */ = {
			isa = XCRemoteSwiftPackageReference;
			repositoryURL = "https://github.com/swiftlang/swift-format";
			requirement = {
				kind = upToNextMajorVersion;
				minimumVersion = 510.1.0;
			};
		};
		51929E1D2C9A531400D77429 /* XCRemoteSwiftPackageReference "ZIPFoundation" */ = {
			isa = XCRemoteSwiftPackageReference;
			repositoryURL = "https://github.com/weichsel/ZIPFoundation";
			requirement = {
				kind = upToNextMajorVersion;
				minimumVersion = 0.9.19;
			};
		};
/* End XCRemoteSwiftPackageReference section */

/* Begin XCSwiftPackageProductDependency section */
		51929E1E2C9A531400D77429 /* ZIPFoundation */ = {
			isa = XCSwiftPackageProductDependency;
			package = 51929E1D2C9A531400D77429 /* XCRemoteSwiftPackageReference "ZIPFoundation" */;
			productName = ZIPFoundation;
		};
		51929E202C9A532700D77429 /* ZIPFoundation */ = {
			isa = XCSwiftPackageProductDependency;
			package = 51929E1D2C9A531400D77429 /* XCRemoteSwiftPackageReference "ZIPFoundation" */;
			productName = ZIPFoundation;
		};
/* End XCSwiftPackageProductDependency section */
	};
	rootObject = 51792F852C900EEA004B6E71 /* Project object */;
}
